<Solution>
  <Folder Name="/src/">
    <Project Path="src/FuzzyToast/FuzzyToast.csproj" />
  </Folder>
  <Folder Name="/samples/">
    <Project Path="samples/EasyToastDemo/EasyToastDemo.csproj" />
  </Folder>
  <Folder Name="/tests/">
    <Project Path="tests/FuzzyToast.Tests/FuzzyToast.Tests.csproj" />
    <Project Path="tests/FuzzyToast.E2ETests/FuzzyToast.E2ETests.csproj" />
  </Folder>
</Solution>
